
Microsoft Visual Studio Solution File, Format Version 12.00
# Visual Studio Version 16
VisualStudioVersion = 25.0.1706.12
MinimumVisualStudioVersion = 10.0.40219.1
Project("{FAE04EC0-301F-11D3-BF4B-00C04F79EFBC}") = "MApi", "MApi\MApi.csproj", "{C3412154-382D-4ED5-9350-5CF387013160}"
EndProject
Project("{FAE04EC0-301F-11D3-BF4B-00C04F79EFBC}") = "WorkerService", "WorkerService\WorkerService.csproj", "{CC0E528A-A21C-42E6-B51C-3AAE92099651}"
EndProject
Project("{FAE04EC0-301F-11D3-BF4B-00C04F79EFBC}") = "DuplicateIndexer", "DuplicateIndexer\DuplicateIndexer.csproj", "{7AF2681F-CADA-4689-AA66-0EFBB9A5B9AE}"
EndProject
Project("{2150E333-8FDC-42A3-9474-1A3956D46DE8}") = "Solution Items", "Solution Items", "{BD4A8350-6D64-4B0C-A9C1-95BAA375E78E}"
	ProjectSection(SolutionItems) = preProject
		docker-compose.yml = docker-compose.yml
	EndProjectSection
EndProject
Project("{FAE04EC0-301F-11D3-BF4B-00C04F79EFBC}") = "DuplicateFinder.Service", "DuplicateFinder.Service\DuplicateFinder.Service.csproj", "{B0038352-9B94-41AB-A45F-1BFD8AE0E164}"
EndProject
Project("{FAE04EC0-301F-11D3-BF4B-00C04F79EFBC}") = "TestDuplicateProject", "TestDuplicateProject\TestDuplicateProject.csproj", "{120D2A90-1C2F-4E5A-9D2E-0022EE4CC10E}"
EndProject
Project("{FAE04EC0-301F-11D3-BF4B-00C04F79EFBC}") = "AvaloniaApplication1", "AvaloniaApplication1\AvaloniaApplication1\AvaloniaApplication1.csproj", "{20D290DE-91BD-4D3B-B441-C445A328EB16}"
EndProject
Project("{FAE04EC0-301F-11D3-BF4B-00C04F79EFBC}") = "AvaloniaApplication1.Android", "AvaloniaApplication1\AvaloniaApplication1.Android\AvaloniaApplication1.Android.csproj", "{8D76A822-719B-4910-93F5-DEEDB946CC3B}"
EndProject
Project("{FAE04EC0-301F-11D3-BF4B-00C04F79EFBC}") = "AvaloniaApplication1.Desktop", "AvaloniaApplication1\AvaloniaApplication1.Desktop\AvaloniaApplication1.Desktop.csproj", "{A03A5633-CE2E-46E7-97BB-B4F9D2BEFBCD}"
EndProject
Project("{FAE04EC0-301F-11D3-BF4B-00C04F79EFBC}") = "AvaloniaApplication1.iOS", "AvaloniaApplication1\AvaloniaApplication1.iOS\AvaloniaApplication1.iOS.csproj", "{4B6A19FD-3BFD-424E-AA5C-75625997CE56}"
EndProject
Project("{FAE04EC0-301F-11D3-BF4B-00C04F79EFBC}") = "AvaloniaApplication1.Browser", "AvaloniaApplication1\AvaloniaApplication1.Browser\AvaloniaApplication1.Browser.csproj", "{64F36467-C994-482E-9BD1-102E98CE1BE8}"
EndProject
Global
	GlobalSection(SolutionConfigurationPlatforms) = preSolution
		Debug|Any CPU = Debug|Any CPU
		Release|Any CPU = Release|Any CPU
	EndGlobalSection
	GlobalSection(ProjectConfigurationPlatforms) = postSolution
		{C3412154-382D-4ED5-9350-5CF387013160}.Debug|Any CPU.ActiveCfg = Debug|Any CPU
		{C3412154-382D-4ED5-9350-5CF387013160}.Debug|Any CPU.Build.0 = Debug|Any CPU
		{C3412154-382D-4ED5-9350-5CF387013160}.Release|Any CPU.ActiveCfg = Release|Any CPU
		{C3412154-382D-4ED5-9350-5CF387013160}.Release|Any CPU.Build.0 = Release|Any CPU
		{CC0E528A-A21C-42E6-B51C-3AAE92099651}.Debug|Any CPU.ActiveCfg = Debug|Any CPU
		{CC0E528A-A21C-42E6-B51C-3AAE92099651}.Debug|Any CPU.Build.0 = Debug|Any CPU
		{CC0E528A-A21C-42E6-B51C-3AAE92099651}.Release|Any CPU.ActiveCfg = Release|Any CPU
		{CC0E528A-A21C-42E6-B51C-3AAE92099651}.Release|Any CPU.Build.0 = Release|Any CPU
		{7AF2681F-CADA-4689-AA66-0EFBB9A5B9AE}.Debug|Any CPU.ActiveCfg = Debug|Any CPU
		{7AF2681F-CADA-4689-AA66-0EFBB9A5B9AE}.Debug|Any CPU.Build.0 = Debug|Any CPU
		{7AF2681F-CADA-4689-AA66-0EFBB9A5B9AE}.Release|Any CPU.ActiveCfg = Release|Any CPU
		{7AF2681F-CADA-4689-AA66-0EFBB9A5B9AE}.Release|Any CPU.Build.0 = Release|Any CPU
		{B0038352-9B94-41AB-A45F-1BFD8AE0E164}.Debug|Any CPU.ActiveCfg = Debug|Any CPU
		{B0038352-9B94-41AB-A45F-1BFD8AE0E164}.Debug|Any CPU.Build.0 = Debug|Any CPU
		{B0038352-9B94-41AB-A45F-1BFD8AE0E164}.Release|Any CPU.ActiveCfg = Release|Any CPU
		{B0038352-9B94-41AB-A45F-1BFD8AE0E164}.Release|Any CPU.Build.0 = Release|Any CPU
		{120D2A90-1C2F-4E5A-9D2E-0022EE4CC10E}.Debug|Any CPU.ActiveCfg = Debug|Any CPU
		{120D2A90-1C2F-4E5A-9D2E-0022EE4CC10E}.Debug|Any CPU.Build.0 = Debug|Any CPU
		{120D2A90-1C2F-4E5A-9D2E-0022EE4CC10E}.Release|Any CPU.ActiveCfg = Release|Any CPU
		{120D2A90-1C2F-4E5A-9D2E-0022EE4CC10E}.Release|Any CPU.Build.0 = Release|Any CPU
		{20D290DE-91BD-4D3B-B441-C445A328EB16}.Debug|Any CPU.ActiveCfg = Debug|Any CPU
		{20D290DE-91BD-4D3B-B441-C445A328EB16}.Debug|Any CPU.Build.0 = Debug|Any CPU
		{20D290DE-91BD-4D3B-B441-C445A328EB16}.Release|Any CPU.ActiveCfg = Release|Any CPU
		{20D290DE-91BD-4D3B-B441-C445A328EB16}.Release|Any CPU.Build.0 = Release|Any CPU
		{8D76A822-719B-4910-93F5-DEEDB946CC3B}.Debug|Any CPU.ActiveCfg = Debug|Any CPU
		{8D76A822-719B-4910-93F5-DEEDB946CC3B}.Debug|Any CPU.Build.0 = Debug|Any CPU
		{8D76A822-719B-4910-93F5-DEEDB946CC3B}.Release|Any CPU.ActiveCfg = Release|Any CPU
		{8D76A822-719B-4910-93F5-DEEDB946CC3B}.Release|Any CPU.Build.0 = Release|Any CPU
		{A03A5633-CE2E-46E7-97BB-B4F9D2BEFBCD}.Debug|Any CPU.ActiveCfg = Debug|Any CPU
		{A03A5633-CE2E-46E7-97BB-B4F9D2BEFBCD}.Debug|Any CPU.Build.0 = Debug|Any CPU
		{A03A5633-CE2E-46E7-97BB-B4F9D2BEFBCD}.Release|Any CPU.ActiveCfg = Release|Any CPU
		{A03A5633-CE2E-46E7-97BB-B4F9D2BEFBCD}.Release|Any CPU.Build.0 = Release|Any CPU
		{4B6A19FD-3BFD-424E-AA5C-75625997CE56}.Debug|Any CPU.ActiveCfg = Debug|Any CPU
		{4B6A19FD-3BFD-424E-AA5C-75625997CE56}.Debug|Any CPU.Build.0 = Debug|Any CPU
		{4B6A19FD-3BFD-424E-AA5C-75625997CE56}.Release|Any CPU.ActiveCfg = Release|Any CPU
		{4B6A19FD-3BFD-424E-AA5C-75625997CE56}.Release|Any CPU.Build.0 = Release|Any CPU
		{64F36467-C994-482E-9BD1-102E98CE1BE8}.Debug|Any CPU.ActiveCfg = Debug|Any CPU
		{64F36467-C994-482E-9BD1-102E98CE1BE8}.Debug|Any CPU.Build.0 = Debug|Any CPU
		{64F36467-C994-482E-9BD1-102E98CE1BE8}.Release|Any CPU.ActiveCfg = Release|Any CPU
		{64F36467-C994-482E-9BD1-102E98CE1BE8}.Release|Any CPU.Build.0 = Release|Any CPU
	EndGlobalSection
	GlobalSection(SolutionProperties) = preSolution
		HideSolutionNode = FALSE
	EndGlobalSection
	GlobalSection(ExtensibilityGlobals) = postSolution
		SolutionGuid = {DBBDD440-B394-4488-A9F1-97B56AE6E711}
	EndGlobalSection
EndGlobal
